
Microsoft Visual Studio Solution File, Format Version 12.00
# Visual Studio Version 16
VisualStudioVersion = 16.0.29503.13
MinimumVisualStudioVersion = 10.0.40219.1
Project("{FAE04EC0-301F-11D3-BF4B-00C04F79EFBC}") = "CapaVistaMantenimientoCliente", "CapaVistaMantenimientoCliente\CapaVistaMantenimientoCliente.csproj", "{BE616601-09E7-4853-974F-18409F00A81A}"
EndProject
Project("{FAE04EC0-301F-11D3-BF4B-00C04F79EFBC}") = "CapaModeloMantenimientoCliente", "CapaModeloMantenimientoCliente\CapaModeloMantenimientoCliente.csproj", "{91670013-5CA7-402D-8F2D-55A2EE8E6AF9}"
EndProject
Project("{FAE04EC0-301F-11D3-BF4B-00C04F79EFBC}") = "CapaControladorMantenimientosCliente", "CapaControladorMantenimientosCliente\CapaControladorMantenimientosCliente.csproj", "{8A48981D-ECB4-4313-9F0A-FC0F3B341104}"
EndProject
Global
	GlobalSection(SolutionConfigurationPlatforms) = preSolution
		Debug|Any CPU = Debug|Any CPU
		Release|Any CPU = Release|Any CPU
	EndGlobalSection
	GlobalSection(ProjectConfigurationPlatforms) = postSolution
		{BE616601-09E7-4853-974F-18409F00A81A}.Debug|Any CPU.ActiveCfg = Debug|Any CPU
		{BE616601-09E7-4853-974F-18409F00A81A}.Debug|Any CPU.Build.0 = Debug|Any CPU
		{BE616601-09E7-4853-974F-18409F00A81A}.Release|Any CPU.ActiveCfg = Release|Any CPU
		{BE616601-09E7-4853-974F-18409F00A81A}.Release|Any CPU.Build.0 = Release|Any CPU
		{91670013-5CA7-402D-8F2D-55A2EE8E6AF9}.Debug|Any CPU.ActiveCfg = Debug|Any CPU
		{91670013-5CA7-402D-8F2D-55A2EE8E6AF9}.Debug|Any CPU.Build.0 = Debug|Any CPU
		{91670013-5CA7-402D-8F2D-55A2EE8E6AF9}.Release|Any CPU.ActiveCfg = Release|Any CPU
		{91670013-5CA7-402D-8F2D-55A2EE8E6AF9}.Release|Any CPU.Build.0 = Release|Any CPU
		{8A48981D-ECB4-4313-9F0A-FC0F3B341104}.Debug|Any CPU.ActiveCfg = Debug|Any CPU
		{8A48981D-ECB4-4313-9F0A-FC0F3B341104}.Debug|Any CPU.Build.0 = Debug|Any CPU
		{8A48981D-ECB4-4313-9F0A-FC0F3B341104}.Release|Any CPU.ActiveCfg = Release|Any CPU
		{8A48981D-ECB4-4313-9F0A-FC0F3B341104}.Release|Any CPU.Build.0 = Release|Any CPU
	EndGlobalSection
	GlobalSection(SolutionProperties) = preSolution
		HideSolutionNode = FALSE
	EndGlobalSection
	GlobalSection(ExtensibilityGlobals) = postSolution
		SolutionGuid = {0207456F-EF38-473A-8DE0-127086E3D365}
	EndGlobalSection
EndGlobal
